{
  "projects": [
    {
      "projectId": "7GRhkYxkGhfPqAE7jPzj98",
      "version": "latest",
      "dependencies": {},
      "lang": "ts",
      "fileLocks": [
        {
          "type": "globalVariant",
          "assetId": "WNKtd-hEarmn",
          "checksum": "ba5f989157b087e077c43b038e1c4c63"
        },
        {
          "assetId": "7GRhkYxkGhfPqAE7jPzj98",
          "type": "projectCss",
          "checksum": "46afd5342ad751e2b16c10c302c1c06f"
        },
        {
          "type": "renderModule",
          "assetId": "wz5uSnwCWpiy",
          "checksum": "f066076c01ea195914c51c18efa52bbc"
        },
        {
          "type": "cssRules",
          "assetId": "wz5uSnwCWpiy",
          "checksum": "f066076c01ea195914c51c18efa52bbc"
        },
        {
          "type": "renderModule",
          "assetId": "wvyhiNs9CyEw",
          "checksum": "606f2a02fe334e4a5e97fcb93645f210"
        },
        {
          "type": "cssRules",
          "assetId": "wvyhiNs9CyEw",
          "checksum": "606f2a02fe334e4a5e97fcb93645f210"
        },
        {
          "type": "renderModule",
          "assetId": "qNYDr4Pn-StM",
          "checksum": "cd2a74252c9af765ce27fdbb3d861467"
        },
        {
          "type": "cssRules",
          "assetId": "qNYDr4Pn-StM",
          "checksum": "cd2a74252c9af765ce27fdbb3d861467"
        },
        {
          "type": "renderModule",
          "assetId": "LK_Qw8YOQ8Z6",
          "checksum": "1c45234854b6ab31ed5d0bf6a88c7d4c"
        },
        {
          "type": "cssRules",
          "assetId": "LK_Qw8YOQ8Z6",
          "checksum": "1c45234854b6ab31ed5d0bf6a88c7d4c"
        },
        {
          "type": "renderModule",
          "assetId": "YCIrrtDRaysK",
          "checksum": "c34715fc517501d36207c91ab60e56d1"
        },
        {
          "type": "cssRules",
          "assetId": "YCIrrtDRaysK",
          "checksum": "c34715fc517501d36207c91ab60e56d1"
        },
        {
          "type": "renderModule",
          "assetId": "L-uu5Dm84rqV",
          "checksum": "8b095d710e7a7433702c5c80003faaaa"
        },
        {
          "type": "cssRules",
          "assetId": "L-uu5Dm84rqV",
          "checksum": "8b095d710e7a7433702c5c80003faaaa"
        },
        {
          "type": "renderModule",
          "assetId": "f2cFqJ1cK7xf",
          "checksum": "97576aa8f48d61305622160923bf2fac"
        },
        {
          "type": "cssRules",
          "assetId": "f2cFqJ1cK7xf",
          "checksum": "97576aa8f48d61305622160923bf2fac"
        },
        {
          "type": "renderModule",
          "assetId": "efikDKKrjulb",
          "checksum": "aa98c6457202d2837912adc0e26e4cd3"
        },
        {
          "type": "cssRules",
          "assetId": "efikDKKrjulb",
          "checksum": "aa98c6457202d2837912adc0e26e4cd3"
        },
        {
          "type": "renderModule",
          "assetId": "GySzFoyQdAzs",
          "checksum": "be1a04324ea944433b7356ac220a79af"
        },
        {
          "type": "cssRules",
          "assetId": "GySzFoyQdAzs",
          "checksum": "be1a04324ea944433b7356ac220a79af"
        },
        {
          "type": "renderModule",
          "assetId": "sjr5dv4xMEby",
          "checksum": "0157dab4880e542bfd43c91076a8feeb"
        },
        {
          "type": "cssRules",
          "assetId": "sjr5dv4xMEby",
          "checksum": "0157dab4880e542bfd43c91076a8feeb"
        },
        {
          "type": "renderModule",
          "assetId": "H3ygWfTrkINs",
          "checksum": "fddb687da0a16232eaae5b6c1178e549"
        },
        {
          "type": "cssRules",
          "assetId": "H3ygWfTrkINs",
          "checksum": "fddb687da0a16232eaae5b6c1178e549"
        },
        {
          "type": "renderModule",
          "assetId": "RrG1uy1wtu_C",
          "checksum": "34ff42ccf7cfce094f071ad3ba26908d"
        },
        {
          "type": "cssRules",
          "assetId": "RrG1uy1wtu_C",
          "checksum": "34ff42ccf7cfce094f071ad3ba26908d"
        },
        {
          "type": "renderModule",
          "assetId": "sts-1aMl9nV4",
          "checksum": "05ed39f25b493baab97535d2b2669313"
        },
        {
          "type": "cssRules",
          "assetId": "sts-1aMl9nV4",
          "checksum": "05ed39f25b493baab97535d2b2669313"
        },
        {
          "type": "renderModule",
          "assetId": "P3CR776OXmBZ",
          "checksum": "3296937bfb2c77be53714bdc18f51c94"
        },
        {
          "type": "cssRules",
          "assetId": "P3CR776OXmBZ",
          "checksum": "3296937bfb2c77be53714bdc18f51c94"
        },
        {
          "type": "renderModule",
          "assetId": "_ORstzIZCC8p",
          "checksum": "f7db67799782f4cfad06d1a16813aa73"
        },
        {
          "type": "cssRules",
          "assetId": "_ORstzIZCC8p",
          "checksum": "f7db67799782f4cfad06d1a16813aa73"
        },
        {
          "type": "renderModule",
          "assetId": "yR8TzXWPSzef",
          "checksum": "3507abf7f45f1fefd4ecff4f6fb14be2"
        },
        {
          "type": "cssRules",
          "assetId": "yR8TzXWPSzef",
          "checksum": "3507abf7f45f1fefd4ecff4f6fb14be2"
        },
        {
          "type": "renderModule",
          "assetId": "e8KAeH5FeOY2",
          "checksum": "25396e2116774fc95fe844c3fc538ad7"
        },
        {
          "type": "cssRules",
          "assetId": "e8KAeH5FeOY2",
          "checksum": "25396e2116774fc95fe844c3fc538ad7"
        },
        {
          "type": "renderModule",
          "assetId": "x_VDwAMEetXs",
          "checksum": "e100daac252246a2ad372fc221bf8664"
        },
        {
          "type": "cssRules",
          "assetId": "x_VDwAMEetXs",
          "checksum": "e100daac252246a2ad372fc221bf8664"
        },
        {
          "type": "icon",
          "assetId": "DTFBgWbqz_rF",
          "checksum": "fcd981bdf457235af9d962ea7ea3797d"
        },
        {
          "type": "icon",
          "assetId": "i9ATIXmQNOcE",
          "checksum": "f403098f535955531b3e7e6426ebd28f"
        },
        {
          "type": "icon",
          "assetId": "Fa6sXOdeLqbp",
          "checksum": "c003b5db3ce29d381a91bd943c16700b"
        },
        {
          "type": "icon",
          "assetId": "CTiWk5JIQm8l",
          "checksum": "04e61111f1b753350e848acb0d62470d"
        },
        {
          "type": "icon",
          "assetId": "9B90Ry0CSur-",
          "checksum": "daafb7caec3a7107abd6da80f9c25176"
        },
        {
          "type": "icon",
          "assetId": "6fa82WUGJ9Fw",
          "checksum": "7ca349b16e0f777fd439b2510ff0e822"
        },
        {
          "type": "icon",
          "assetId": "V1pA7qSAZYzl",
          "checksum": "8f485d6d1c317a992c65fd1af3c8be1b"
        },
        {
          "type": "icon",
          "assetId": "bCfqcUHPtu-t",
          "checksum": "f2be28b8fe58eae50b582913a1240edc"
        },
        {
          "type": "icon",
          "assetId": "LmHXM3N7h5WV",
          "checksum": "1d784279588af66c869fc8a2cf9bcddc"
        },
        {
          "type": "image",
          "assetId": "Mlv1JTPlnm7I",
          "checksum": "01541378be9b524a55fbb7c617eb51e2"
        },
        {
          "type": "image",
          "assetId": "5dMLO9fInfLm",
          "checksum": "da28053111a3b5e00329207a7d5c5c67"
        },
        {
          "type": "image",
          "assetId": "dDFRHN4Wb_do",
          "checksum": "691655547cfbf65cbf68e137932c307d"
        },
        {
          "type": "image",
          "assetId": "fk1gcYHyOO3M",
          "checksum": "c309e1270ef4d3b7d22be20e338ab086"
        },
        {
          "type": "image",
          "assetId": "bOlqe3g8v20l",
          "checksum": "43b8acbcbc9d19ddd92e47576b271b93"
        },
        {
          "type": "image",
          "assetId": "01RdjOGpXIh1",
          "checksum": "226b735cdc2bb66764fff3ea89e7e70f"
        }
      ]
    }
  ],
  "cliVersion": "0.1.158"
}
